// !$*UTF8*$!
{
	archiveVersion = 1;
	classes = {
	};
	objectVersion = 56;
	objects = {

/* Begin PBXBuildFile section */
		633B456F29C4B13400F42F5D /* FlashSaleTableCell.swift in Sources */ = {isa = PBXBuildFile; fileRef = 633B456E29C4B13400F42F5D /* FlashSaleTableCell.swift */; };
		635F6AC829C2EAD800B5A3F8 /* NetworkDataFetcher .swift in Sources */ = {isa = PBXBuildFile; fileRef = 635F6AC729C2EAD800B5A3F8 /* NetworkDataFetcher .swift */; };
		635F6ACA29C2ED9800B5A3F8 /* NetworkingModel.swift in Sources */ = {isa = PBXBuildFile; fileRef = 635F6AC929C2ED9800B5A3F8 /* NetworkingModel.swift */; };
		635F6ACC29C2F03600B5A3F8 /* NetworkFetcherService.swift in Sources */ = {isa = PBXBuildFile; fileRef = 635F6ACB29C2F03600B5A3F8 /* NetworkFetcherService.swift */; };
		635F6ACE29C2F23000B5A3F8 /* NetworkService.swift in Sources */ = {isa = PBXBuildFile; fileRef = 635F6ACD29C2F23000B5A3F8 /* NetworkService.swift */; };
		63657C7629C5993E00977D21 /* Montserrat-Medium.ttf in Resources */ = {isa = PBXBuildFile; fileRef = 63657C7329C5993E00977D21 /* Montserrat-Medium.ttf */; };
		63657C7729C5993E00977D21 /* Montserrat-Bold.ttf in Resources */ = {isa = PBXBuildFile; fileRef = 63657C7429C5993E00977D21 /* Montserrat-Bold.ttf */; };
		63657C7829C5993E00977D21 /* Montserrat-Regular.ttf in Resources */ = {isa = PBXBuildFile; fileRef = 63657C7529C5993E00977D21 /* Montserrat-Regular.ttf */; };
		63697D9529BC3A2A00BA626A /* AppDelegate.swift in Sources */ = {isa = PBXBuildFile; fileRef = 63697D9429BC3A2A00BA626A /* AppDelegate.swift */; };
		63697D9729BC3A2A00BA626A /* SceneDelegate.swift in Sources */ = {isa = PBXBuildFile; fileRef = 63697D9629BC3A2A00BA626A /* SceneDelegate.swift */; };
		63697D9929BC3A2A00BA626A /* LogInViewController.swift in Sources */ = {isa = PBXBuildFile; fileRef = 63697D9829BC3A2A00BA626A /* LogInViewController.swift */; };
		63697D9E29BC3A2A00BA626A /* Assets.xcassets in Resources */ = {isa = PBXBuildFile; fileRef = 63697D9D29BC3A2A00BA626A /* Assets.xcassets */; };
		63697DA129BC3A2A00BA626A /* LaunchScreen.storyboard in Resources */ = {isa = PBXBuildFile; fileRef = 63697D9F29BC3A2A00BA626A /* LaunchScreen.storyboard */; };
		63697DA929BC3B9A00BA626A /* MainCordinator.swift in Sources */ = {isa = PBXBuildFile; fileRef = 63697DA829BC3B9A00BA626A /* MainCordinator.swift */; };
		63697DAB29BC3BAF00BA626A /* Cordinator.swift in Sources */ = {isa = PBXBuildFile; fileRef = 63697DAA29BC3BAF00BA626A /* Cordinator.swift */; };
		63697DAD29BC3BED00BA626A /* TabBarViewController.swift in Sources */ = {isa = PBXBuildFile; fileRef = 63697DAC29BC3BED00BA626A /* TabBarViewController.swift */; };
		63697DAF29BC3C9800BA626A /* LogInCoordinator.swift in Sources */ = {isa = PBXBuildFile; fileRef = 63697DAE29BC3C9800BA626A /* LogInCoordinator.swift */; };
		63697DB229BC51F900BA626A /* Factory.swift in Sources */ = {isa = PBXBuildFile; fileRef = 63697DB129BC51F900BA626A /* Factory.swift */; };
		63697DB529BC5BE800BA626A /* CommonExtensions.swift in Sources */ = {isa = PBXBuildFile; fileRef = 63697DB429BC5BE800BA626A /* CommonExtensions.swift */; };
		6381904729C434EA00E8CE8A /* ReusableCollectionCell.swift in Sources */ = {isa = PBXBuildFile; fileRef = 6381904629C434EA00E8CE8A /* ReusableCollectionCell.swift */; };
		63A0989029C5CCB9009ED924 /* FeedViewControllerExtension.swift in Sources */ = {isa = PBXBuildFile; fileRef = 63A0988F29C5CCB9009ED924 /* FeedViewControllerExtension.swift */; };
		63B58AA929C2CB9F00ABA317 /* FeedCoordinator.swift in Sources */ = {isa = PBXBuildFile; fileRef = 63B58AA829C2CB9F00ABA317 /* FeedCoordinator.swift */; };
		63B58AAC29C2CCD200ABA317 /* FeedViewModel.swift in Sources */ = {isa = PBXBuildFile; fileRef = 63B58AAB29C2CCD200ABA317 /* FeedViewModel.swift */; };
		63CDEC9A29BEF31100385A01 /* SingInView.swift in Sources */ = {isa = PBXBuildFile; fileRef = 63CDEC9929BEF31100385A01 /* SingInView.swift */; };
		63CDEC9D29BEFDC900385A01 /* LogInView.swift in Sources */ = {isa = PBXBuildFile; fileRef = 63CDEC9C29BEFDC800385A01 /* LogInView.swift */; };
		63CDECA129BF03E700385A01 /* ProfileViewController.swift in Sources */ = {isa = PBXBuildFile; fileRef = 63CDECA029BF03E700385A01 /* ProfileViewController.swift */; };
		63CDECA329BF119D00385A01 /* ProfilelViewModel.swift in Sources */ = {isa = PBXBuildFile; fileRef = 63CDECA229BF119D00385A01 /* ProfilelViewModel.swift */; };
		63CDECA629BF1A1F00385A01 /* FeedViewController.swift in Sources */ = {isa = PBXBuildFile; fileRef = 63CDECA529BF1A1F00385A01 /* FeedViewController.swift */; };
		63CDECA829BF21ED00385A01 /* ProfileTableViewCell.swift in Sources */ = {isa = PBXBuildFile; fileRef = 63CDECA729BF21ED00385A01 /* ProfileTableViewCell.swift */; };
		63CDECAA29BF2F0D00385A01 /* ProfileHeaderView.swift in Sources */ = {isa = PBXBuildFile; fileRef = 63CDECA929BF2F0D00385A01 /* ProfileHeaderView.swift */; };
		63E4131629C346E000AE8562 /* SelectCategoryView.swift in Sources */ = {isa = PBXBuildFile; fileRef = 63E4131529C346E000AE8562 /* SelectCategoryView.swift */; };
		63E4131829C347CC00AE8562 /* CustomButton.swift in Sources */ = {isa = PBXBuildFile; fileRef = 63E4131729C347CC00AE8562 /* CustomButton.swift */; };
		63E4131A29C34A3900AE8562 /* RoundButtonLabel.swift in Sources */ = {isa = PBXBuildFile; fileRef = 63E4131929C34A3900AE8562 /* RoundButtonLabel.swift */; };
		63E4131C29C3505100AE8562 /* LatestTableCell.swift in Sources */ = {isa = PBXBuildFile; fileRef = 63E4131B29C3505100AE8562 /* LatestTableCell.swift */; };
		63F6421629C70D0B00A19846 /* SignViewController.swift in Sources */ = {isa = PBXBuildFile; fileRef = 63F6421529C70D0B00A19846 /* SignViewController.swift */; };
/* End PBXBuildFile section */

/* Begin PBXFileReference section */
		633B456E29C4B13400F42F5D /* FlashSaleTableCell.swift */ = {isa = PBXFileReference; lastKnownFileType = sourcecode.swift; path = FlashSaleTableCell.swift; sourceTree = "<group>"; };
		635F6AC729C2EAD800B5A3F8 /* NetworkDataFetcher .swift */ = {isa = PBXFileReference; lastKnownFileType = sourcecode.swift; path = "NetworkDataFetcher .swift"; sourceTree = "<group>"; };
		635F6AC929C2ED9800B5A3F8 /* NetworkingModel.swift */ = {isa = PBXFileReference; lastKnownFileType = sourcecode.swift; path = NetworkingModel.swift; sourceTree = "<group>"; };
		635F6ACB29C2F03600B5A3F8 /* NetworkFetcherService.swift */ = {isa = PBXFileReference; lastKnownFileType = sourcecode.swift; path = NetworkFetcherService.swift; sourceTree = "<group>"; };
		635F6ACD29C2F23000B5A3F8 /* NetworkService.swift */ = {isa = PBXFileReference; lastKnownFileType = sourcecode.swift; path = NetworkService.swift; sourceTree = "<group>"; };
		63657C7329C5993E00977D21 /* Montserrat-Medium.ttf */ = {isa = PBXFileReference; lastKnownFileType = file; path = "Montserrat-Medium.ttf"; sourceTree = "<group>"; };
		63657C7429C5993E00977D21 /* Montserrat-Bold.ttf */ = {isa = PBXFileReference; lastKnownFileType = file; path = "Montserrat-Bold.ttf"; sourceTree = "<group>"; };
		63657C7529C5993E00977D21 /* Montserrat-Regular.ttf */ = {isa = PBXFileReference; lastKnownFileType = file; path = "Montserrat-Regular.ttf"; sourceTree = "<group>"; };
		63697D9129BC3A2A00BA626A /* NewDemoShoppingApplication.app */ = {isa = PBXFileReference; explicitFileType = wrapper.application; includeInIndex = 0; path = NewDemoShoppingApplication.app; sourceTree = BUILT_PRODUCTS_DIR; };
		63697D9429BC3A2A00BA626A /* AppDelegate.swift */ = {isa = PBXFileReference; lastKnownFileType = sourcecode.swift; path = AppDelegate.swift; sourceTree = "<group>"; };
		63697D9629BC3A2A00BA626A /* SceneDelegate.swift */ = {isa = PBXFileReference; lastKnownFileType = sourcecode.swift; path = SceneDelegate.swift; sourceTree = "<group>"; };
		63697D9829BC3A2A00BA626A /* LogInViewController.swift */ = {isa = PBXFileReference; lastKnownFileType = sourcecode.swift; path = LogInViewController.swift; sourceTree = "<group>"; };
		63697D9D29BC3A2A00BA626A /* Assets.xcassets */ = {isa = PBXFileReference; lastKnownFileType = folder.assetcatalog; path = Assets.xcassets; sourceTree = "<group>"; };
		63697DA029BC3A2A00BA626A /* Base */ = {isa = PBXFileReference; lastKnownFileType = file.storyboard; name = Base; path = Base.lproj/LaunchScreen.storyboard; sourceTree = "<group>"; };
		63697DA229BC3A2A00BA626A /* Info.plist */ = {isa = PBXFileReference; lastKnownFileType = text.plist.xml; path = Info.plist; sourceTree = "<group>"; };
		63697DA829BC3B9A00BA626A /* MainCordinator.swift */ = {isa = PBXFileReference; lastKnownFileType = sourcecode.swift; path = MainCordinator.swift; sourceTree = "<group>"; };
		63697DAA29BC3BAF00BA626A /* Cordinator.swift */ = {isa = PBXFileReference; lastKnownFileType = sourcecode.swift; path = Cordinator.swift; sourceTree = "<group>"; };
		63697DAC29BC3BED00BA626A /* TabBarViewController.swift */ = {isa = PBXFileReference; lastKnownFileType = sourcecode.swift; path = TabBarViewController.swift; sourceTree = "<group>"; };
		63697DAE29BC3C9800BA626A /* LogInCoordinator.swift */ = {isa = PBXFileReference; lastKnownFileType = sourcecode.swift; path = LogInCoordinator.swift; sourceTree = "<group>"; };
		63697DB129BC51F900BA626A /* Factory.swift */ = {isa = PBXFileReference; lastKnownFileType = sourcecode.swift; path = Factory.swift; sourceTree = "<group>"; };
		63697DB429BC5BE800BA626A /* CommonExtensions.swift */ = {isa = PBXFileReference; lastKnownFileType = sourcecode.swift; path = CommonExtensions.swift; sourceTree = "<group>"; };
		6381904629C434EA00E8CE8A /* ReusableCollectionCell.swift */ = {isa = PBXFileReference; lastKnownFileType = sourcecode.swift; path = ReusableCollectionCell.swift; sourceTree = "<group>"; };
		63A0988F29C5CCB9009ED924 /* FeedViewControllerExtension.swift */ = {isa = PBXFileReference; lastKnownFileType = sourcecode.swift; path = FeedViewControllerExtension.swift; sourceTree = "<group>"; };
		63B58AA829C2CB9F00ABA317 /* FeedCoordinator.swift */ = {isa = PBXFileReference; lastKnownFileType = sourcecode.swift; path = FeedCoordinator.swift; sourceTree = "<group>"; };
		63B58AAB29C2CCD200ABA317 /* FeedViewModel.swift */ = {isa = PBXFileReference; lastKnownFileType = sourcecode.swift; path = FeedViewModel.swift; sourceTree = "<group>"; };
		63CDEC9929BEF31100385A01 /* SingInView.swift */ = {isa = PBXFileReference; lastKnownFileType = sourcecode.swift; path = SingInView.swift; sourceTree = "<group>"; };
		63CDEC9C29BEFDC800385A01 /* LogInView.swift */ = {isa = PBXFileReference; lastKnownFileType = sourcecode.swift; path = LogInView.swift; sourceTree = "<group>"; };
		63CDECA029BF03E700385A01 /* ProfileViewController.swift */ = {isa = PBXFileReference; lastKnownFileType = sourcecode.swift; path = ProfileViewController.swift; sourceTree = "<group>"; };
		63CDECA229BF119D00385A01 /* ProfilelViewModel.swift */ = {isa = PBXFileReference; lastKnownFileType = sourcecode.swift; path = ProfilelViewModel.swift; sourceTree = "<group>"; };
		63CDECA529BF1A1F00385A01 /* FeedViewController.swift */ = {isa = PBXFileReference; lastKnownFileType = sourcecode.swift; path = FeedViewController.swift; sourceTree = "<group>"; };
		63CDECA729BF21ED00385A01 /* ProfileTableViewCell.swift */ = {isa = PBXFileReference; lastKnownFileType = sourcecode.swift; path = ProfileTableViewCell.swift; sourceTree = "<group>"; };
		63CDECA929BF2F0D00385A01 /* ProfileHeaderView.swift */ = {isa = PBXFileReference; lastKnownFileType = sourcecode.swift; path = ProfileHeaderView.swift; sourceTree = "<group>"; };
		63E4131529C346E000AE8562 /* SelectCategoryView.swift */ = {isa = PBXFileReference; lastKnownFileType = sourcecode.swift; path = SelectCategoryView.swift; sourceTree = "<group>"; };
		63E4131729C347CC00AE8562 /* CustomButton.swift */ = {isa = PBXFileReference; lastKnownFileType = sourcecode.swift; path = CustomButton.swift; sourceTree = "<group>"; };
		63E4131929C34A3900AE8562 /* RoundButtonLabel.swift */ = {isa = PBXFileReference; lastKnownFileType = sourcecode.swift; path = RoundButtonLabel.swift; sourceTree = "<group>"; };
		63E4131B29C3505100AE8562 /* LatestTableCell.swift */ = {isa = PBXFileReference; lastKnownFileType = sourcecode.swift; path = LatestTableCell.swift; sourceTree = "<group>"; };
		63F6421529C70D0B00A19846 /* SignViewController.swift */ = {isa = PBXFileReference; lastKnownFileType = sourcecode.swift; path = SignViewController.swift; sourceTree = "<group>"; };
/* End PBXFileReference section */

/* Begin PBXFrameworksBuildPhase section */
		63697D8E29BC3A2900BA626A /* Frameworks */ = {
			isa = PBXFrameworksBuildPhase;
			buildActionMask = 2147483647;
			files = (
			);
			runOnlyForDeploymentPostprocessing = 0;
		};
/* End PBXFrameworksBuildPhase section */

/* Begin PBXGroup section */
		63371B2029C72366006E5539 /* Views */ = {
			isa = PBXGroup;
			children = (
				63CDEC9C29BEFDC800385A01 /* LogInView.swift */,
				63CDEC9929BEF31100385A01 /* SingInView.swift */,
			);
			path = Views;
			sourceTree = "<group>";
		};
		635F6AC629C2EAC400B5A3F8 /* Networking */ = {
			isa = PBXGroup;
			children = (
				635F6AC729C2EAD800B5A3F8 /* NetworkDataFetcher .swift */,
				635F6ACD29C2F23000B5A3F8 /* NetworkService.swift */,
				635F6ACB29C2F03600B5A3F8 /* NetworkFetcherService.swift */,
				635F6AC929C2ED9800B5A3F8 /* NetworkingModel.swift */,
			);
			path = Networking;
			sourceTree = "<group>";
		};
		63657C7229C5993E00977D21 /* Montserrat */ = {
			isa = PBXGroup;
			children = (
				63657C7329C5993E00977D21 /* Montserrat-Medium.ttf */,
				63657C7429C5993E00977D21 /* Montserrat-Bold.ttf */,
				63657C7529C5993E00977D21 /* Montserrat-Regular.ttf */,
			);
			path = Montserrat;
			sourceTree = "<group>";
		};
		63697D8829BC3A2900BA626A = {
			isa = PBXGroup;
			children = (
				63697D9329BC3A2A00BA626A /* NewDemoShoppingApplication */,
				63657C7229C5993E00977D21 /* Montserrat */,
				63697D9229BC3A2A00BA626A /* Products */,
			);
			sourceTree = "<group>";
		};
		63697D9229BC3A2A00BA626A /* Products */ = {
			isa = PBXGroup;
			children = (
				63697D9129BC3A2A00BA626A /* NewDemoShoppingApplication.app */,
			);
			name = Products;
			sourceTree = "<group>";
		};
		63697D9329BC3A2A00BA626A /* NewDemoShoppingApplication */ = {
			isa = PBXGroup;
			children = (
				63697D9429BC3A2A00BA626A /* AppDelegate.swift */,
				63697D9629BC3A2A00BA626A /* SceneDelegate.swift */,
				635F6AC629C2EAC400B5A3F8 /* Networking */,
				63B58AAA29C2CBF000ABA317 /* Feed */,
				63CDECA429BF11A300385A01 /* Profile */,
				63697DB029BC504900BA626A /* Cordinator */,
				63CDEC9B29BEF90000385A01 /* SignAndLog */,
				63697DB329BC5BCD00BA626A /* CustomsAndExtns */,
				63697D9D29BC3A2A00BA626A /* Assets.xcassets */,
				63697D9F29BC3A2A00BA626A /* LaunchScreen.storyboard */,
				63697DA229BC3A2A00BA626A /* Info.plist */,
			);
			path = NewDemoShoppingApplication;
			sourceTree = "<group>";
		};
		63697DB029BC504900BA626A /* Cordinator */ = {
			isa = PBXGroup;
			children = (
				63697DAA29BC3BAF00BA626A /* Cordinator.swift */,
				63697DA829BC3B9A00BA626A /* MainCordinator.swift */,
				63697DAE29BC3C9800BA626A /* LogInCoordinator.swift */,
				63B58AA829C2CB9F00ABA317 /* FeedCoordinator.swift */,
				63697DB129BC51F900BA626A /* Factory.swift */,
				63697DAC29BC3BED00BA626A /* TabBarViewController.swift */,
			);
			path = Cordinator;
			sourceTree = "<group>";
		};
		63697DB329BC5BCD00BA626A /* CustomsAndExtns */ = {
			isa = PBXGroup;
			children = (
				63697DB429BC5BE800BA626A /* CommonExtensions.swift */,
				63A0988F29C5CCB9009ED924 /* FeedViewControllerExtension.swift */,
				63E4131729C347CC00AE8562 /* CustomButton.swift */,
				63E4131929C34A3900AE8562 /* RoundButtonLabel.swift */,
			);
			path = CustomsAndExtns;
			sourceTree = "<group>";
		};
		6381904829C434F300E8CE8A /* Cells */ = {
			isa = PBXGroup;
			children = (
				6381904629C434EA00E8CE8A /* ReusableCollectionCell.swift */,
				63E4131B29C3505100AE8562 /* LatestTableCell.swift */,
				633B456E29C4B13400F42F5D /* FlashSaleTableCell.swift */,
			);
			path = Cells;
			sourceTree = "<group>";
		};
		63B58AAA29C2CBF000ABA317 /* Feed */ = {
			isa = PBXGroup;
			children = (
				63E4131429C346CC00AE8562 /* Views */,
				63CDECA529BF1A1F00385A01 /* FeedViewController.swift */,
				63B58AAB29C2CCD200ABA317 /* FeedViewModel.swift */,
			);
			path = Feed;
			sourceTree = "<group>";
		};
		63CDEC9B29BEF90000385A01 /* SignAndLog */ = {
			isa = PBXGroup;
			children = (
				63697D9829BC3A2A00BA626A /* LogInViewController.swift */,
				63F6421529C70D0B00A19846 /* SignViewController.swift */,
				63371B2029C72366006E5539 /* Views */,
			);
			path = SignAndLog;
			sourceTree = "<group>";
		};
		63CDECA429BF11A300385A01 /* Profile */ = {
			isa = PBXGroup;
			children = (
				63CDECA229BF119D00385A01 /* ProfilelViewModel.swift */,
				63CDECA929BF2F0D00385A01 /* ProfileHeaderView.swift */,
				63CDECA029BF03E700385A01 /* ProfileViewController.swift */,
				63CDECA729BF21ED00385A01 /* ProfileTableViewCell.swift */,
			);
			path = Profile;
			sourceTree = "<group>";
		};
		63E4131429C346CC00AE8562 /* Views */ = {
			isa = PBXGroup;
			children = (
				63E4131529C346E000AE8562 /* SelectCategoryView.swift */,
				6381904829C434F300E8CE8A /* Cells */,
			);
			path = Views;
			sourceTree = "<group>";
		};
/* End PBXGroup section */

/* Begin PBXNativeTarget section */
		63697D9029BC3A2900BA626A /* NewDemoShoppingApplication */ = {
			isa = PBXNativeTarget;
			buildConfigurationList = 63697DA529BC3A2A00BA626A /* Build configuration list for PBXNativeTarget "NewDemoShoppingApplication" */;
			buildPhases = (
				63697D8D29BC3A2900BA626A /* Sources */,
				63697D8E29BC3A2900BA626A /* Frameworks */,
				63697D8F29BC3A2900BA626A /* Resources */,
			);
			buildRules = (
			);
			dependencies = (
			);
			name = NewDemoShoppingApplication;
			productName = NewDemoShoppingApplication;
			productReference = 63697D9129BC3A2A00BA626A /* NewDemoShoppingApplication.app */;
			productType = "com.apple.product-type.application";
		};
/* End PBXNativeTarget section */

/* Begin PBXProject section */
		63697D8929BC3A2900BA626A /* Project object */ = {
			isa = PBXProject;
			attributes = {
				BuildIndependentTargetsInParallel = 1;
				LastSwiftUpdateCheck = 1420;
				LastUpgradeCheck = 1420;
				TargetAttributes = {
					63697D9029BC3A2900BA626A = {
						CreatedOnToolsVersion = 14.2;
					};
				};
			};
			buildConfigurationList = 63697D8C29BC3A2900BA626A /* Build configuration list for PBXProject "NewDemoShoppingApplication" */;
			compatibilityVersion = "Xcode 14.0";
			developmentRegion = en;
			hasScannedForEncodings = 0;
			knownRegions = (
				en,
				Base,
			);
			mainGroup = 63697D8829BC3A2900BA626A;
			productRefGroup = 63697D9229BC3A2A00BA626A /* Products */;
			projectDirPath = "";
			projectRoot = "";
			targets = (
				63697D9029BC3A2900BA626A /* NewDemoShoppingApplication */,
			);
		};
/* End PBXProject section */

/* Begin PBXResourcesBuildPhase section */
		63697D8F29BC3A2900BA626A /* Resources */ = {
			isa = PBXResourcesBuildPhase;
			buildActionMask = 2147483647;
			files = (
				63657C7729C5993E00977D21 /* Montserrat-Bold.ttf in Resources */,
				63697DA129BC3A2A00BA626A /* LaunchScreen.storyboard in Resources */,
				63657C7629C5993E00977D21 /* Montserrat-Medium.ttf in Resources */,
				63657C7829C5993E00977D21 /* Montserrat-Regular.ttf in Resources */,
				63697D9E29BC3A2A00BA626A /* Assets.xcassets in Resources */,
			);
			runOnlyForDeploymentPostprocessing = 0;
		};
/* End PBXResourcesBuildPhase section */

/* Begin PBXSourcesBuildPhase section */
		63697D8D29BC3A2900BA626A /* Sources */ = {
			isa = PBXSourcesBuildPhase;
			buildActionMask = 2147483647;
			files = (
				635F6ACE29C2F23000B5A3F8 /* NetworkService.swift in Sources */,
				633B456F29C4B13400F42F5D /* FlashSaleTableCell.swift in Sources */,
				63697DB229BC51F900BA626A /* Factory.swift in Sources */,
				635F6ACA29C2ED9800B5A3F8 /* NetworkingModel.swift in Sources */,
				63697DAF29BC3C9800BA626A /* LogInCoordinator.swift in Sources */,
				63697D9929BC3A2A00BA626A /* LogInViewController.swift in Sources */,
				63CDECA829BF21ED00385A01 /* ProfileTableViewCell.swift in Sources */,
				63A0989029C5CCB9009ED924 /* FeedViewControllerExtension.swift in Sources */,
				63F6421629C70D0B00A19846 /* SignViewController.swift in Sources */,
				63697DAB29BC3BAF00BA626A /* Cordinator.swift in Sources */,
				63697DA929BC3B9A00BA626A /* MainCordinator.swift in Sources */,
				635F6ACC29C2F03600B5A3F8 /* NetworkFetcherService.swift in Sources */,
				635F6AC829C2EAD800B5A3F8 /* NetworkDataFetcher .swift in Sources */,
				63E4131A29C34A3900AE8562 /* RoundButtonLabel.swift in Sources */,
				63B58AA929C2CB9F00ABA317 /* FeedCoordinator.swift in Sources */,
				63697D9529BC3A2A00BA626A /* AppDelegate.swift in Sources */,
				63B58AAC29C2CCD200ABA317 /* FeedViewModel.swift in Sources */,
				63E4131629C346E000AE8562 /* SelectCategoryView.swift in Sources */,
				63CDECAA29BF2F0D00385A01 /* ProfileHeaderView.swift in Sources */,
				63CDECA329BF119D00385A01 /* ProfilelViewModel.swift in Sources */,
				63CDECA129BF03E700385A01 /* ProfileViewController.swift in Sources */,
				63697DAD29BC3BED00BA626A /* TabBarViewController.swift in Sources */,
				63697DB529BC5BE800BA626A /* CommonExtensions.swift in Sources */,
				63CDECA629BF1A1F00385A01 /* FeedViewController.swift in Sources */,
				63E4131C29C3505100AE8562 /* LatestTableCell.swift in Sources */,
				63CDEC9D29BEFDC900385A01 /* LogInView.swift in Sources */,
				63E4131829C347CC00AE8562 /* CustomButton.swift in Sources */,
				63CDEC9A29BEF31100385A01 /* SingInView.swift in Sources */,
				6381904729C434EA00E8CE8A /* ReusableCollectionCell.swift in Sources */,
				63697D9729BC3A2A00BA626A /* SceneDelegate.swift in Sources */,
			);
			runOnlyForDeploymentPostprocessing = 0;
		};
/* End PBXSourcesBuildPhase section */

/* Begin PBXVariantGroup section */
		63697D9F29BC3A2A00BA626A /* LaunchScreen.storyboard */ = {
			isa = PBXVariantGroup;
			children = (
				63697DA029BC3A2A00BA626A /* Base */,
			);
			name = LaunchScreen.storyboard;
			sourceTree = "<group>";
		};
/* End PBXVariantGroup section */

/* Begin XCBuildConfiguration section */
		63697DA329BC3A2A00BA626A /* Debug */ = {
			isa = XCBuildConfiguration;
			buildSettings = {
				ALWAYS_SEARCH_USER_PATHS = NO;
				CLANG_ANALYZER_NONNULL = YES;
				CLANG_ANALYZER_NUMBER_OBJECT_CONVERSION = YES_AGGRESSIVE;
				CLANG_CXX_LANGUAGE_STANDARD = "gnu++20";
				CLANG_ENABLE_MODULES = YES;
				CLANG_ENABLE_OBJC_ARC = YES;
				CLANG_ENABLE_OBJC_WEAK = YES;
				CLANG_WARN_BLOCK_CAPTURE_AUTORELEASING = YES;
				CLANG_WARN_BOOL_CONVERSION = YES;
				CLANG_WARN_COMMA = YES;
				CLANG_WARN_CONSTANT_CONVERSION = YES;
				CLANG_WARN_DEPRECATED_OBJC_IMPLEMENTATIONS = YES;
				CLANG_WARN_DIRECT_OBJC_ISA_USAGE = YES_ERROR;
				CLANG_WARN_DOCUMENTATION_COMMENTS = YES;
				CLANG_WARN_EMPTY_BODY = YES;
				CLANG_WARN_ENUM_CONVERSION = YES;
				CLANG_WARN_INFINITE_RECURSION = YES;
				CLANG_WARN_INT_CONVERSION = YES;
				CLANG_WARN_NON_LITERAL_NULL_CONVERSION = YES;
				CLANG_WARN_OBJC_IMPLICIT_RETAIN_SELF = YES;
				CLANG_WARN_OBJC_LITERAL_CONVERSION = YES;
				CLANG_WARN_OBJC_ROOT_CLASS = YES_ERROR;
				CLANG_WARN_QUOTED_INCLUDE_IN_FRAMEWORK_HEADER = YES;
				CLANG_WARN_RANGE_LOOP_ANALYSIS = YES;
				CLANG_WARN_STRICT_PROTOTYPES = YES;
				CLANG_WARN_SUSPICIOUS_MOVE = YES;
				CLANG_WARN_UNGUARDED_AVAILABILITY = YES_AGGRESSIVE;
				CLANG_WARN_UNREACHABLE_CODE = YES;
				CLANG_WARN__DUPLICATE_METHOD_MATCH = YES;
				COPY_PHASE_STRIP = NO;
				DEBUG_INFORMATION_FORMAT = dwarf;
				ENABLE_STRICT_OBJC_MSGSEND = YES;
				ENABLE_TESTABILITY = YES;
				GCC_C_LANGUAGE_STANDARD = gnu11;
				GCC_DYNAMIC_NO_PIC = NO;
				GCC_NO_COMMON_BLOCKS = YES;
				GCC_OPTIMIZATION_LEVEL = 0;
				GCC_PREPROCESSOR_DEFINITIONS = (
					"DEBUG=1",
					"$(inherited)",
				);
				GCC_WARN_64_TO_32_BIT_CONVERSION = YES;
				GCC_WARN_ABOUT_RETURN_TYPE = YES_ERROR;
				GCC_WARN_UNDECLARED_SELECTOR = YES;
				GCC_WARN_UNINITIALIZED_AUTOS = YES_AGGRESSIVE;
				GCC_WARN_UNUSED_FUNCTION = YES;
				GCC_WARN_UNUSED_VARIABLE = YES;
				IPHONEOS_DEPLOYMENT_TARGET = 16.2;
				MTL_ENABLE_DEBUG_INFO = INCLUDE_SOURCE;
				MTL_FAST_MATH = YES;
				ONLY_ACTIVE_ARCH = YES;
				SDKROOT = iphoneos;
				SWIFT_ACTIVE_COMPILATION_CONDITIONS = DEBUG;
				SWIFT_OPTIMIZATION_LEVEL = "-Onone";
			};
			name = Debug;
		};
		63697DA429BC3A2A00BA626A /* Release */ = {
			isa = XCBuildConfiguration;
			buildSettings = {
				ALWAYS_SEARCH_USER_PATHS = NO;
				CLANG_ANALYZER_NONNULL = YES;
				CLANG_ANALYZER_NUMBER_OBJECT_CONVERSION = YES_AGGRESSIVE;
				CLANG_CXX_LANGUAGE_STANDARD = "gnu++20";
				CLANG_ENABLE_MODULES = YES;
				CLANG_ENABLE_OBJC_ARC = YES;
				CLANG_ENABLE_OBJC_WEAK = YES;
				CLANG_WARN_BLOCK_CAPTURE_AUTORELEASING = YES;
				CLANG_WARN_BOOL_CONVERSION = YES;
				CLANG_WARN_COMMA = YES;
				CLANG_WARN_CONSTANT_CONVERSION = YES;
				CLANG_WARN_DEPRECATED_OBJC_IMPLEMENTATIONS = YES;
				CLANG_WARN_DIRECT_OBJC_ISA_USAGE = YES_ERROR;
				CLANG_WARN_DOCUMENTATION_COMMENTS = YES;
				CLANG_WARN_EMPTY_BODY = YES;
				CLANG_WARN_ENUM_CONVERSION = YES;
				CLANG_WARN_INFINITE_RECURSION = YES;
				CLANG_WARN_INT_CONVERSION = YES;
				CLANG_WARN_NON_LITERAL_NULL_CONVERSION = YES;
				CLANG_WARN_OBJC_IMPLICIT_RETAIN_SELF = YES;
				CLANG_WARN_OBJC_LITERAL_CONVERSION = YES;
				CLANG_WARN_OBJC_ROOT_CLASS = YES_ERROR;
				CLANG_WARN_QUOTED_INCLUDE_IN_FRAMEWORK_HEADER = YES;
				CLANG_WARN_RANGE_LOOP_ANALYSIS = YES;
				CLANG_WARN_STRICT_PROTOTYPES = YES;
				CLANG_WARN_SUSPICIOUS_MOVE = YES;
				CLANG_WARN_UNGUARDED_AVAILABILITY = YES_AGGRESSIVE;
				CLANG_WARN_UNREACHABLE_CODE = YES;
				CLANG_WARN__DUPLICATE_METHOD_MATCH = YES;
				COPY_PHASE_STRIP = NO;
				DEBUG_INFORMATION_FORMAT = "dwarf-with-dsym";
				ENABLE_NS_ASSERTIONS = NO;
				ENABLE_STRICT_OBJC_MSGSEND = YES;
				GCC_C_LANGUAGE_STANDARD = gnu11;
				GCC_NO_COMMON_BLOCKS = YES;
				GCC_WARN_64_TO_32_BIT_CONVERSION = YES;
				GCC_WARN_ABOUT_RETURN_TYPE = YES_ERROR;
				GCC_WARN_UNDECLARED_SELECTOR = YES;
				GCC_WARN_UNINITIALIZED_AUTOS = YES_AGGRESSIVE;
				GCC_WARN_UNUSED_FUNCTION = YES;
				GCC_WARN_UNUSED_VARIABLE = YES;
				IPHONEOS_DEPLOYMENT_TARGET = 16.2;
				MTL_ENABLE_DEBUG_INFO = NO;
				MTL_FAST_MATH = YES;
				SDKROOT = iphoneos;
				SWIFT_COMPILATION_MODE = wholemodule;
				SWIFT_OPTIMIZATION_LEVEL = "-O";
				VALIDATE_PRODUCT = YES;
			};
			name = Release;
		};
		63697DA629BC3A2A00BA626A /* Debug */ = {
			isa = XCBuildConfiguration;
			buildSettings = {
				ASSETCATALOG_COMPILER_APPICON_NAME = AppIcon;
				ASSETCATALOG_COMPILER_GLOBAL_ACCENT_COLOR_NAME = AccentColor;
				CODE_SIGN_STYLE = Automatic;
				CURRENT_PROJECT_VERSION = 1;
				DEVELOPMENT_TEAM = K38NVY9D5B;
				GENERATE_INFOPLIST_FILE = YES;
				INFOPLIST_FILE = NewDemoShoppingApplication/Info.plist;
				INFOPLIST_KEY_UIApplicationSupportsIndirectInputEvents = YES;
				INFOPLIST_KEY_UILaunchStoryboardName = LaunchScreen;
				INFOPLIST_KEY_UISupportedInterfaceOrientations_iPad = "UIInterfaceOrientationPortrait UIInterfaceOrientationPortraitUpsideDown UIInterfaceOrientationLandscapeLeft UIInterfaceOrientationLandscapeRight";
				INFOPLIST_KEY_UISupportedInterfaceOrientations_iPhone = "UIInterfaceOrientationPortrait UIInterfaceOrientationLandscapeLeft UIInterfaceOrientationLandscapeRight";
				LD_RUNPATH_SEARCH_PATHS = (
					"$(inherited)",
					"@executable_path/Frameworks",
				);
				MARKETING_VERSION = 1.0;
				PRODUCT_BUNDLE_IDENTIFIER = MarkPushkar.NewDemoShoppingApplication;
				PRODUCT_NAME = "$(TARGET_NAME)";
				SWIFT_EMIT_LOC_STRINGS = YES;
				SWIFT_VERSION = 5.0;
				TARGETED_DEVICE_FAMILY = "1,2";
			};
			name = Debug;
		};
		63697DA729BC3A2A00BA626A /* Release */ = {
			isa = XCBuildConfiguration;
			buildSettings = {
				ASSETCATALOG_COMPILER_APPICON_NAME = AppIcon;
				ASSETCATALOG_COMPILER_GLOBAL_ACCENT_COLOR_NAME = AccentColor;
				CODE_SIGN_STYLE = Automatic;
				CURRENT_PROJECT_VERSION = 1;
				DEVELOPMENT_TEAM = K38NVY9D5B;
				GENERATE_INFOPLIST_FILE = YES;
				INFOPLIST_FILE = NewDemoShoppingApplication/Info.plist;
				INFOPLIST_KEY_UIApplicationSupportsIndirectInputEvents = YES;
				INFOPLIST_KEY_UILaunchStoryboardName = LaunchScreen;
				INFOPLIST_KEY_UISupportedInterfaceOrientations_iPad = "UIInterfaceOrientationPortrait UIInterfaceOrientationPortraitUpsideDown UIInterfaceOrientationLandscapeLeft UIInterfaceOrientationLandscapeRight";
				INFOPLIST_KEY_UISupportedInterfaceOrientations_iPhone = "UIInterfaceOrientationPortrait UIInterfaceOrientationLandscapeLeft UIInterfaceOrientationLandscapeRight";
				LD_RUNPATH_SEARCH_PATHS = (
					"$(inherited)",
					"@executable_path/Frameworks",
				);
				MARKETING_VERSION = 1.0;
				PRODUCT_BUNDLE_IDENTIFIER = MarkPushkar.NewDemoShoppingApplication;
				PRODUCT_NAME = "$(TARGET_NAME)";
				SWIFT_EMIT_LOC_STRINGS = YES;
				SWIFT_VERSION = 5.0;
				TARGETED_DEVICE_FAMILY = "1,2";
			};
			name = Release;
		};
/* End XCBuildConfiguration section */

/* Begin XCConfigurationList section */
		63697D8C29BC3A2900BA626A /* Build configuration list for PBXProject "NewDemoShoppingApplication" */ = {
			isa = XCConfigurationList;
			buildConfigurations = (
				63697DA329BC3A2A00BA626A /* Debug */,
				63697DA429BC3A2A00BA626A /* Release */,
			);
			defaultConfigurationIsVisible = 0;
			defaultConfigurationName = Release;
		};
		63697DA529BC3A2A00BA626A /* Build configuration list for PBXNativeTarget "NewDemoShoppingApplication" */ = {
			isa = XCConfigurationList;
			buildConfigurations = (
				63697DA629BC3A2A00BA626A /* Debug */,
				63697DA729BC3A2A00BA626A /* Release */,
			);
			defaultConfigurationIsVisible = 0;
			defaultConfigurationName = Release;
		};
/* End XCConfigurationList section */
	};
	rootObject = 63697D8929BC3A2900BA626A /* Project object */;
}
